uuid: 4b405953-8459-4b8d-a15b-084ea4e8f7da
langcode: en
status: true
dependencies: {  }
_core:
  default_config_hash: 5B0WCCKOBdOYZxfM-iLEYNnOkuRD_dV5oEESAQOBvGA
id: footer_promo_block
label: 'Footer promo block'
revision: false
description: 'A footer promo block contains a title, promo text, and a "find out more" link.'
